
Microsoft Visual Studio Solution File, Format Version 12.00
# Visual Studio Version 17
VisualStudioVersion = 17.8.34525.116
MinimumVisualStudioVersion = 10.0.40219.1
Project("{9A19103F-16F7-4668-BE54-9A1E7A4F7556}") = "WebDoomerConsole", "WebDoomerConsole\WebDoomerConsole.csproj", "{DCE09347-1761-45CD-B92E-47B3D3674200}"
EndProject
Project("{2150E333-8FDC-42A3-9474-1A3956D46DE8}") = "Solution Items", "Solution Items", "{F99E004B-62DD-4620-82FB-1ECE34DCE890}"
	ProjectSection(SolutionItems) = preProject
		.editorconfig = .editorconfig
		Directory.Build.props = Directory.Build.props
	EndProjectSection
EndProject
Project("{9A19103F-16F7-4668-BE54-9A1E7A4F7556}") = "WebDoomer", "WebDoomer\WebDoomer.csproj", "{FC2E0D31-6C68-4CB8-9D27-739D829D3E49}"
EndProject
Project("{9A19103F-16F7-4668-BE54-9A1E7A4F7556}") = "WebDoomer.Packets", "WebDoomer.Packets\WebDoomer.Packets.csproj", "{30A14DA1-D330-41B3-A164-8B5EFF75BBCC}"
EndProject
Project("{9A19103F-16F7-4668-BE54-9A1E7A4F7556}") = "WebDoomerTests", "WebDoomerTests\WebDoomerTests.csproj", "{0F0E045E-65A7-4FD5-8EE4-5D760FD8760D}"
EndProject
Project("{9A19103F-16F7-4668-BE54-9A1E7A4F7556}") = "WebDoomerApi", "WebDoomerApi\WebDoomerApi.csproj", "{27E8C76C-F61B-4E10-BA33-38F169128AB5}"
EndProject
Project("{9A19103F-16F7-4668-BE54-9A1E7A4F7556}") = "WebDoomerApi.Scheduling", "WebDoomerApi.Scheduling\WebDoomerApi.Scheduling.csproj", "{98F879A6-A8DB-4244-8583-F619ABD055DD}"
EndProject
Project("{FAE04EC0-301F-11D3-BF4B-00C04F79EFBC}") = "WebDoomerApi.RateLimit", "WebDoomerApi.RateLimit\WebDoomerApi.RateLimit.csproj", "{0904212A-7D09-4478-B956-D7F0E199241C}"
EndProject
Global
	GlobalSection(SolutionConfigurationPlatforms) = preSolution
		Debug|Any CPU = Debug|Any CPU
		Release|Any CPU = Release|Any CPU
	EndGlobalSection
	GlobalSection(ProjectConfigurationPlatforms) = postSolution
		{DCE09347-1761-45CD-B92E-47B3D3674200}.Debug|Any CPU.ActiveCfg = Debug|Any CPU
		{DCE09347-1761-45CD-B92E-47B3D3674200}.Debug|Any CPU.Build.0 = Debug|Any CPU
		{DCE09347-1761-45CD-B92E-47B3D3674200}.Release|Any CPU.ActiveCfg = Release|Any CPU
		{DCE09347-1761-45CD-B92E-47B3D3674200}.Release|Any CPU.Build.0 = Release|Any CPU
		{FC2E0D31-6C68-4CB8-9D27-739D829D3E49}.Debug|Any CPU.ActiveCfg = Debug|Any CPU
		{FC2E0D31-6C68-4CB8-9D27-739D829D3E49}.Debug|Any CPU.Build.0 = Debug|Any CPU
		{FC2E0D31-6C68-4CB8-9D27-739D829D3E49}.Release|Any CPU.ActiveCfg = Release|Any CPU
		{FC2E0D31-6C68-4CB8-9D27-739D829D3E49}.Release|Any CPU.Build.0 = Release|Any CPU
		{30A14DA1-D330-41B3-A164-8B5EFF75BBCC}.Debug|Any CPU.ActiveCfg = Debug|Any CPU
		{30A14DA1-D330-41B3-A164-8B5EFF75BBCC}.Debug|Any CPU.Build.0 = Debug|Any CPU
		{30A14DA1-D330-41B3-A164-8B5EFF75BBCC}.Release|Any CPU.ActiveCfg = Release|Any CPU
		{30A14DA1-D330-41B3-A164-8B5EFF75BBCC}.Release|Any CPU.Build.0 = Release|Any CPU
		{0F0E045E-65A7-4FD5-8EE4-5D760FD8760D}.Debug|Any CPU.ActiveCfg = Debug|Any CPU
		{0F0E045E-65A7-4FD5-8EE4-5D760FD8760D}.Debug|Any CPU.Build.0 = Debug|Any CPU
		{0F0E045E-65A7-4FD5-8EE4-5D760FD8760D}.Release|Any CPU.ActiveCfg = Release|Any CPU
		{0F0E045E-65A7-4FD5-8EE4-5D760FD8760D}.Release|Any CPU.Build.0 = Release|Any CPU
		{27E8C76C-F61B-4E10-BA33-38F169128AB5}.Debug|Any CPU.ActiveCfg = Debug|Any CPU
		{27E8C76C-F61B-4E10-BA33-38F169128AB5}.Debug|Any CPU.Build.0 = Debug|Any CPU
		{27E8C76C-F61B-4E10-BA33-38F169128AB5}.Release|Any CPU.ActiveCfg = Release|Any CPU
		{27E8C76C-F61B-4E10-BA33-38F169128AB5}.Release|Any CPU.Build.0 = Release|Any CPU
		{98F879A6-A8DB-4244-8583-F619ABD055DD}.Debug|Any CPU.ActiveCfg = Debug|Any CPU
		{98F879A6-A8DB-4244-8583-F619ABD055DD}.Debug|Any CPU.Build.0 = Debug|Any CPU
		{98F879A6-A8DB-4244-8583-F619ABD055DD}.Release|Any CPU.ActiveCfg = Release|Any CPU
		{98F879A6-A8DB-4244-8583-F619ABD055DD}.Release|Any CPU.Build.0 = Release|Any CPU
		{0904212A-7D09-4478-B956-D7F0E199241C}.Debug|Any CPU.ActiveCfg = Debug|Any CPU
		{0904212A-7D09-4478-B956-D7F0E199241C}.Debug|Any CPU.Build.0 = Debug|Any CPU
		{0904212A-7D09-4478-B956-D7F0E199241C}.Release|Any CPU.ActiveCfg = Release|Any CPU
		{0904212A-7D09-4478-B956-D7F0E199241C}.Release|Any CPU.Build.0 = Release|Any CPU
	EndGlobalSection
	GlobalSection(SolutionProperties) = preSolution
		HideSolutionNode = FALSE
	EndGlobalSection
	GlobalSection(ExtensibilityGlobals) = postSolution
		SolutionGuid = {AA9449F2-36C9-4DEC-9D9E-58D61139A40F}
	EndGlobalSection
EndGlobal
